
Microsoft Visual Studio Solution File, Format Version 12.00
# Visual Studio 14
VisualStudioVersion = 14.0.25123.0
MinimumVisualStudioVersion = 10.0.40219.1
Project("{FAE04EC0-301F-11D3-BF4B-00C04F79EFBC}") = "ServerSocket", "ServerSocket.csproj", "{64DC89E8-4F65-4C8E-8E9F-1B8C393A9CB2}"
EndProject
Project("{FAE04EC0-301F-11D3-BF4B-00C04F79EFBC}") = "ClientSocket", "..\ClientSocket\ClientSocket.csproj", "{9C9717FA-4FA1-4FA3-8D27-627E8ED7610A}"
EndProject
Global
	GlobalSection(SolutionConfigurationPlatforms) = preSolution
		Debug|Any CPU = Debug|Any CPU
		Release|Any CPU = Release|Any CPU
	EndGlobalSection
	GlobalSection(ProjectConfigurationPlatforms) = postSolution
		{64DC89E8-4F65-4C8E-8E9F-1B8C393A9CB2}.Debug|Any CPU.ActiveCfg = Debug|Any CPU
		{64DC89E8-4F65-4C8E-8E9F-1B8C393A9CB2}.Debug|Any CPU.Build.0 = Debug|Any CPU
		{64DC89E8-4F65-4C8E-8E9F-1B8C393A9CB2}.Release|Any CPU.ActiveCfg = Release|Any CPU
		{64DC89E8-4F65-4C8E-8E9F-1B8C393A9CB2}.Release|Any CPU.Build.0 = Release|Any CPU
		{9C9717FA-4FA1-4FA3-8D27-627E8ED7610A}.Debug|Any CPU.ActiveCfg = Debug|Any CPU
		{9C9717FA-4FA1-4FA3-8D27-627E8ED7610A}.Debug|Any CPU.Build.0 = Debug|Any CPU
		{9C9717FA-4FA1-4FA3-8D27-627E8ED7610A}.Release|Any CPU.ActiveCfg = Release|Any CPU
		{9C9717FA-4FA1-4FA3-8D27-627E8ED7610A}.Release|Any CPU.Build.0 = Release|Any CPU
	EndGlobalSection
	GlobalSection(SolutionProperties) = preSolution
		HideSolutionNode = FALSE
	EndGlobalSection
EndGlobal
